
Microsoft Visual Studio Solution File, Format Version 12.00
# Visual Studio Version 16
VisualStudioVersion = 16.0.30524.135
MinimumVisualStudioVersion = 10.0.40219.1
Project("{FAE04EC0-301F-11D3-BF4B-00C04F79EFBC}") = "BCM test", "BCM test.csproj", "{C2775D9C-FC8E-4481-AC1D-51B08577629C}"
EndProject
Global
	GlobalSection(SolutionConfigurationPlatforms) = preSolution
		Debug|Any CPU = Debug|Any CPU
		Release|Any CPU = Release|Any CPU
	EndGlobalSection
	GlobalSection(ProjectConfigurationPlatforms) = postSolution
		{C2775D9C-FC8E-4481-AC1D-51B08577629C}.Debug|Any CPU.ActiveCfg = Debug|Any CPU
		{C2775D9C-FC8E-4481-AC1D-51B08577629C}.Debug|Any CPU.Build.0 = Debug|Any CPU
		{C2775D9C-FC8E-4481-AC1D-51B08577629C}.Release|Any CPU.ActiveCfg = Release|Any CPU
		{C2775D9C-FC8E-4481-AC1D-51B08577629C}.Release|Any CPU.Build.0 = Release|Any CPU
	EndGlobalSection
	GlobalSection(SolutionProperties) = preSolution
		HideSolutionNode = FALSE
	EndGlobalSection
	GlobalSection(ExtensibilityGlobals) = postSolution
		SolutionGuid = {12DB3347-670C-4C07-82FA-00595D015921}
	EndGlobalSection
EndGlobal
